
Microsoft Visual Studio Solution File, Format Version 12.00
# Visual Studio 15
VisualStudioVersion = 15.0.27703.2000
MinimumVisualStudioVersion = 10.0.40219.1
Project("{FAE04EC0-301F-11D3-BF4B-00C04F79EFBC}") = "TV_MAZE.Android", "TV_MAZE\TV_MAZE.Android\TV_MAZE.Android.csproj", "{12519FD2-6DAB-426D-B9AF-B391400823CA}"
EndProject
Project("{FAE04EC0-301F-11D3-BF4B-00C04F79EFBC}") = "TV_MAZE.iOS", "TV_MAZE\TV_MAZE.iOS\TV_MAZE.iOS.csproj", "{BC84BCA8-D976-4244-A383-20E164182DC5}"
EndProject
Project("{FAE04EC0-301F-11D3-BF4B-00C04F79EFBC}") = "TV_MAZE", "TV_MAZE\TV_MAZE\TV_MAZE.csproj", "{E2D0AA49-58A1-4B02-B68C-8A84AC550B4C}"
EndProject
Global
	GlobalSection(SolutionConfigurationPlatforms) = preSolution
		Ad-Hoc|Any CPU = Ad-Hoc|Any CPU
		Ad-Hoc|iPhone = Ad-Hoc|iPhone
		Ad-Hoc|iPhoneSimulator = Ad-Hoc|iPhoneSimulator
		AppStore|Any CPU = AppStore|Any CPU
		AppStore|iPhone = AppStore|iPhone
		AppStore|iPhoneSimulator = AppStore|iPhoneSimulator
		Debug|Any CPU = Debug|Any CPU
		Debug|iPhone = Debug|iPhone
		Debug|iPhoneSimulator = Debug|iPhoneSimulator
		Release|Any CPU = Release|Any CPU
		Release|iPhone = Release|iPhone
		Release|iPhoneSimulator = Release|iPhoneSimulator
	EndGlobalSection
	GlobalSection(ProjectConfigurationPlatforms) = postSolution
		{12519FD2-6DAB-426D-B9AF-B391400823CA}.Ad-Hoc|Any CPU.ActiveCfg = Release|Any CPU
		{12519FD2-6DAB-426D-B9AF-B391400823CA}.Ad-Hoc|Any CPU.Build.0 = Release|Any CPU
		{12519FD2-6DAB-426D-B9AF-B391400823CA}.Ad-Hoc|Any CPU.Deploy.0 = Release|Any CPU
		{12519FD2-6DAB-426D-B9AF-B391400823CA}.Ad-Hoc|iPhone.ActiveCfg = Release|Any CPU
		{12519FD2-6DAB-426D-B9AF-B391400823CA}.Ad-Hoc|iPhone.Build.0 = Release|Any CPU
		{12519FD2-6DAB-426D-B9AF-B391400823CA}.Ad-Hoc|iPhone.Deploy.0 = Release|Any CPU
		{12519FD2-6DAB-426D-B9AF-B391400823CA}.Ad-Hoc|iPhoneSimulator.ActiveCfg = Release|Any CPU
		{12519FD2-6DAB-426D-B9AF-B391400823CA}.Ad-Hoc|iPhoneSimulator.Build.0 = Release|Any CPU
		{12519FD2-6DAB-426D-B9AF-B391400823CA}.Ad-Hoc|iPhoneSimulator.Deploy.0 = Release|Any CPU
		{12519FD2-6DAB-426D-B9AF-B391400823CA}.AppStore|Any CPU.ActiveCfg = Release|Any CPU
		{12519FD2-6DAB-426D-B9AF-B391400823CA}.AppStore|Any CPU.Build.0 = Release|Any CPU
		{12519FD2-6DAB-426D-B9AF-B391400823CA}.AppStore|Any CPU.Deploy.0 = Release|Any CPU
		{12519FD2-6DAB-426D-B9AF-B391400823CA}.AppStore|iPhone.ActiveCfg = Release|Any CPU
		{12519FD2-6DAB-426D-B9AF-B391400823CA}.AppStore|iPhone.Build.0 = Release|Any CPU
		{12519FD2-6DAB-426D-B9AF-B391400823CA}.AppStore|iPhone.Deploy.0 = Release|Any CPU
		{12519FD2-6DAB-426D-B9AF-B391400823CA}.AppStore|iPhoneSimulator.ActiveCfg = Release|Any CPU
		{12519FD2-6DAB-426D-B9AF-B391400823CA}.AppStore|iPhoneSimulator.Build.0 = Release|Any CPU
		{12519FD2-6DAB-426D-B9AF-B391400823CA}.AppStore|iPhoneSimulator.Deploy.0 = Release|Any CPU
		{12519FD2-6DAB-426D-B9AF-B391400823CA}.Debug|Any CPU.ActiveCfg = Debug|Any CPU
		{12519FD2-6DAB-426D-B9AF-B391400823CA}.Debug|Any CPU.Build.0 = Debug|Any CPU
		{12519FD2-6DAB-426D-B9AF-B391400823CA}.Debug|Any CPU.Deploy.0 = Debug|Any CPU
		{12519FD2-6DAB-426D-B9AF-B391400823CA}.Debug|iPhone.ActiveCfg = Debug|Any CPU
		{12519FD2-6DAB-426D-B9AF-B391400823CA}.Debug|iPhone.Build.0 = Debug|Any CPU
		{12519FD2-6DAB-426D-B9AF-B391400823CA}.Debug|iPhone.Deploy.0 = Debug|Any CPU
		{12519FD2-6DAB-426D-B9AF-B391400823CA}.Debug|iPhoneSimulator.ActiveCfg = Debug|Any CPU
		{12519FD2-6DAB-426D-B9AF-B391400823CA}.Debug|iPhoneSimulator.Build.0 = Debug|Any CPU
		{12519FD2-6DAB-426D-B9AF-B391400823CA}.Debug|iPhoneSimulator.Deploy.0 = Debug|Any CPU
		{12519FD2-6DAB-426D-B9AF-B391400823CA}.Release|Any CPU.ActiveCfg = Release|Any CPU
		{12519FD2-6DAB-426D-B9AF-B391400823CA}.Release|Any CPU.Build.0 = Release|Any CPU
		{12519FD2-6DAB-426D-B9AF-B391400823CA}.Release|Any CPU.Deploy.0 = Release|Any CPU
		{12519FD2-6DAB-426D-B9AF-B391400823CA}.Release|iPhone.ActiveCfg = Release|Any CPU
		{12519FD2-6DAB-426D-B9AF-B391400823CA}.Release|iPhone.Build.0 = Release|Any CPU
		{12519FD2-6DAB-426D-B9AF-B391400823CA}.Release|iPhone.Deploy.0 = Release|Any CPU
		{12519FD2-6DAB-426D-B9AF-B391400823CA}.Release|iPhoneSimulator.ActiveCfg = Release|Any CPU
		{12519FD2-6DAB-426D-B9AF-B391400823CA}.Release|iPhoneSimulator.Build.0 = Release|Any CPU
		{12519FD2-6DAB-426D-B9AF-B391400823CA}.Release|iPhoneSimulator.Deploy.0 = Release|Any CPU
		{BC84BCA8-D976-4244-A383-20E164182DC5}.Ad-Hoc|Any CPU.ActiveCfg = Ad-Hoc|iPhone
		{BC84BCA8-D976-4244-A383-20E164182DC5}.Ad-Hoc|Any CPU.Build.0 = Ad-Hoc|iPhone
		{BC84BCA8-D976-4244-A383-20E164182DC5}.Ad-Hoc|Any CPU.Deploy.0 = Ad-Hoc|iPhone
		{BC84BCA8-D976-4244-A383-20E164182DC5}.Ad-Hoc|iPhone.ActiveCfg = Ad-Hoc|iPhone
		{BC84BCA8-D976-4244-A383-20E164182DC5}.Ad-Hoc|iPhone.Build.0 = Ad-Hoc|iPhone
		{BC84BCA8-D976-4244-A383-20E164182DC5}.Ad-Hoc|iPhone.Deploy.0 = Ad-Hoc|iPhone
		{BC84BCA8-D976-4244-A383-20E164182DC5}.Ad-Hoc|iPhoneSimulator.ActiveCfg = Ad-Hoc|iPhoneSimulator
		{BC84BCA8-D976-4244-A383-20E164182DC5}.Ad-Hoc|iPhoneSimulator.Build.0 = Ad-Hoc|iPhoneSimulator
		{BC84BCA8-D976-4244-A383-20E164182DC5}.Ad-Hoc|iPhoneSimulator.Deploy.0 = Ad-Hoc|iPhoneSimulator
		{BC84BCA8-D976-4244-A383-20E164182DC5}.AppStore|Any CPU.ActiveCfg = AppStore|iPhone
		{BC84BCA8-D976-4244-A383-20E164182DC5}.AppStore|Any CPU.Build.0 = AppStore|iPhone
		{BC84BCA8-D976-4244-A383-20E164182DC5}.AppStore|Any CPU.Deploy.0 = AppStore|iPhone
		{BC84BCA8-D976-4244-A383-20E164182DC5}.AppStore|iPhone.ActiveCfg = AppStore|iPhone
		{BC84BCA8-D976-4244-A383-20E164182DC5}.AppStore|iPhone.Build.0 = AppStore|iPhone
		{BC84BCA8-D976-4244-A383-20E164182DC5}.AppStore|iPhone.Deploy.0 = AppStore|iPhone
		{BC84BCA8-D976-4244-A383-20E164182DC5}.AppStore|iPhoneSimulator.ActiveCfg = AppStore|iPhoneSimulator
		{BC84BCA8-D976-4244-A383-20E164182DC5}.AppStore|iPhoneSimulator.Build.0 = AppStore|iPhoneSimulator
		{BC84BCA8-D976-4244-A383-20E164182DC5}.AppStore|iPhoneSimulator.Deploy.0 = AppStore|iPhoneSimulator
		{BC84BCA8-D976-4244-A383-20E164182DC5}.Debug|Any CPU.ActiveCfg = Debug|iPhoneSimulator
		{BC84BCA8-D976-4244-A383-20E164182DC5}.Debug|Any CPU.Build.0 = Debug|iPhoneSimulator
		{BC84BCA8-D976-4244-A383-20E164182DC5}.Debug|Any CPU.Deploy.0 = Debug|iPhoneSimulator
		{BC84BCA8-D976-4244-A383-20E164182DC5}.Debug|iPhone.ActiveCfg = Debug|iPhone
		{BC84BCA8-D976-4244-A383-20E164182DC5}.Debug|iPhone.Build.0 = Debug|iPhone
		{BC84BCA8-D976-4244-A383-20E164182DC5}.Debug|iPhone.Deploy.0 = Debug|iPhone
		{BC84BCA8-D976-4244-A383-20E164182DC5}.Debug|iPhoneSimulator.ActiveCfg = Debug|iPhoneSimulator
		{BC84BCA8-D976-4244-A383-20E164182DC5}.Debug|iPhoneSimulator.Build.0 = Debug|iPhoneSimulator
		{BC84BCA8-D976-4244-A383-20E164182DC5}.Debug|iPhoneSimulator.Deploy.0 = Debug|iPhoneSimulator
		{BC84BCA8-D976-4244-A383-20E164182DC5}.Release|Any CPU.ActiveCfg = Release|iPhone
		{BC84BCA8-D976-4244-A383-20E164182DC5}.Release|Any CPU.Build.0 = Release|iPhone
		{BC84BCA8-D976-4244-A383-20E164182DC5}.Release|Any CPU.Deploy.0 = Release|iPhone
		{BC84BCA8-D976-4244-A383-20E164182DC5}.Release|iPhone.ActiveCfg = Release|iPhone
		{BC84BCA8-D976-4244-A383-20E164182DC5}.Release|iPhone.Build.0 = Release|iPhone
		{BC84BCA8-D976-4244-A383-20E164182DC5}.Release|iPhone.Deploy.0 = Release|iPhone
		{BC84BCA8-D976-4244-A383-20E164182DC5}.Release|iPhoneSimulator.ActiveCfg = Release|iPhoneSimulator
		{BC84BCA8-D976-4244-A383-20E164182DC5}.Release|iPhoneSimulator.Build.0 = Release|iPhoneSimulator
		{BC84BCA8-D976-4244-A383-20E164182DC5}.Release|iPhoneSimulator.Deploy.0 = Release|iPhoneSimulator
		{E2D0AA49-58A1-4B02-B68C-8A84AC550B4C}.Ad-Hoc|Any CPU.ActiveCfg = Debug|Any CPU
		{E2D0AA49-58A1-4B02-B68C-8A84AC550B4C}.Ad-Hoc|Any CPU.Build.0 = Debug|Any CPU
		{E2D0AA49-58A1-4B02-B68C-8A84AC550B4C}.Ad-Hoc|Any CPU.Deploy.0 = Debug|Any CPU
		{E2D0AA49-58A1-4B02-B68C-8A84AC550B4C}.Ad-Hoc|iPhone.ActiveCfg = Debug|Any CPU
		{E2D0AA49-58A1-4B02-B68C-8A84AC550B4C}.Ad-Hoc|iPhone.Build.0 = Debug|Any CPU
		{E2D0AA49-58A1-4B02-B68C-8A84AC550B4C}.Ad-Hoc|iPhone.Deploy.0 = Debug|Any CPU
		{E2D0AA49-58A1-4B02-B68C-8A84AC550B4C}.Ad-Hoc|iPhoneSimulator.ActiveCfg = Debug|Any CPU
		{E2D0AA49-58A1-4B02-B68C-8A84AC550B4C}.Ad-Hoc|iPhoneSimulator.Build.0 = Debug|Any CPU
		{E2D0AA49-58A1-4B02-B68C-8A84AC550B4C}.Ad-Hoc|iPhoneSimulator.Deploy.0 = Debug|Any CPU
		{E2D0AA49-58A1-4B02-B68C-8A84AC550B4C}.AppStore|Any CPU.ActiveCfg = Debug|Any CPU
		{E2D0AA49-58A1-4B02-B68C-8A84AC550B4C}.AppStore|Any CPU.Build.0 = Debug|Any CPU
		{E2D0AA49-58A1-4B02-B68C-8A84AC550B4C}.AppStore|Any CPU.Deploy.0 = Debug|Any CPU
		{E2D0AA49-58A1-4B02-B68C-8A84AC550B4C}.AppStore|iPhone.ActiveCfg = Debug|Any CPU
		{E2D0AA49-58A1-4B02-B68C-8A84AC550B4C}.AppStore|iPhone.Build.0 = Debug|Any CPU
		{E2D0AA49-58A1-4B02-B68C-8A84AC550B4C}.AppStore|iPhone.Deploy.0 = Debug|Any CPU
		{E2D0AA49-58A1-4B02-B68C-8A84AC550B4C}.AppStore|iPhoneSimulator.ActiveCfg = Debug|Any CPU
		{E2D0AA49-58A1-4B02-B68C-8A84AC550B4C}.AppStore|iPhoneSimulator.Build.0 = Debug|Any CPU
		{E2D0AA49-58A1-4B02-B68C-8A84AC550B4C}.AppStore|iPhoneSimulator.Deploy.0 = Debug|Any CPU
		{E2D0AA49-58A1-4B02-B68C-8A84AC550B4C}.Debug|Any CPU.ActiveCfg = Debug|Any CPU
		{E2D0AA49-58A1-4B02-B68C-8A84AC550B4C}.Debug|Any CPU.Build.0 = Debug|Any CPU
		{E2D0AA49-58A1-4B02-B68C-8A84AC550B4C}.Debug|Any CPU.Deploy.0 = Debug|Any CPU
		{E2D0AA49-58A1-4B02-B68C-8A84AC550B4C}.Debug|iPhone.ActiveCfg = Debug|Any CPU
		{E2D0AA49-58A1-4B02-B68C-8A84AC550B4C}.Debug|iPhone.Build.0 = Debug|Any CPU
		{E2D0AA49-58A1-4B02-B68C-8A84AC550B4C}.Debug|iPhone.Deploy.0 = Debug|Any CPU
		{E2D0AA49-58A1-4B02-B68C-8A84AC550B4C}.Debug|iPhoneSimulator.ActiveCfg = Debug|Any CPU
		{E2D0AA49-58A1-4B02-B68C-8A84AC550B4C}.Debug|iPhoneSimulator.Build.0 = Debug|Any CPU
		{E2D0AA49-58A1-4B02-B68C-8A84AC550B4C}.Debug|iPhoneSimulator.Deploy.0 = Debug|Any CPU
		{E2D0AA49-58A1-4B02-B68C-8A84AC550B4C}.Release|Any CPU.ActiveCfg = Release|Any CPU
		{E2D0AA49-58A1-4B02-B68C-8A84AC550B4C}.Release|Any CPU.Build.0 = Release|Any CPU
		{E2D0AA49-58A1-4B02-B68C-8A84AC550B4C}.Release|Any CPU.Deploy.0 = Release|Any CPU
		{E2D0AA49-58A1-4B02-B68C-8A84AC550B4C}.Release|iPhone.ActiveCfg = Release|Any CPU
		{E2D0AA49-58A1-4B02-B68C-8A84AC550B4C}.Release|iPhone.Build.0 = Release|Any CPU
		{E2D0AA49-58A1-4B02-B68C-8A84AC550B4C}.Release|iPhone.Deploy.0 = Release|Any CPU
		{E2D0AA49-58A1-4B02-B68C-8A84AC550B4C}.Release|iPhoneSimulator.ActiveCfg = Release|Any CPU
		{E2D0AA49-58A1-4B02-B68C-8A84AC550B4C}.Release|iPhoneSimulator.Build.0 = Release|Any CPU
		{E2D0AA49-58A1-4B02-B68C-8A84AC550B4C}.Release|iPhoneSimulator.Deploy.0 = Release|Any CPU
	EndGlobalSection
	GlobalSection(SolutionProperties) = preSolution
		HideSolutionNode = FALSE
	EndGlobalSection
	GlobalSection(ExtensibilityGlobals) = postSolution
		SolutionGuid = {321E2014-674D-40FB-BC29-3D4713F8E8AC}
	EndGlobalSection
EndGlobal
